
Microsoft Visual Studio Solution File, Format Version 12.00
# Visual Studio 15
VisualStudioVersion = 15.0.26124.0
MinimumVisualStudioVersion = 15.0.26124.0
Project("{FAE04EC0-301F-11D3-BF4B-00C04F79EFBC}") = "FirebaseAndAngular.Web", "FirebaseAndAngular.Web.csproj", "{F4FA2442-D84A-48E1-A3D3-4D9B308C9F28}"
EndProject
Global
	GlobalSection(SolutionConfigurationPlatforms) = preSolution
		Debug|Any CPU = Debug|Any CPU
		Debug|x64 = Debug|x64
		Debug|x86 = Debug|x86
		Release|Any CPU = Release|Any CPU
		Release|x64 = Release|x64
		Release|x86 = Release|x86
	EndGlobalSection
	GlobalSection(SolutionProperties) = preSolution
		HideSolutionNode = FALSE
	EndGlobalSection
	GlobalSection(ProjectConfigurationPlatforms) = postSolution
		{F4FA2442-D84A-48E1-A3D3-4D9B308C9F28}.Debug|Any CPU.ActiveCfg = Debug|Any CPU
		{F4FA2442-D84A-48E1-A3D3-4D9B308C9F28}.Debug|Any CPU.Build.0 = Debug|Any CPU
		{F4FA2442-D84A-48E1-A3D3-4D9B308C9F28}.Debug|x64.ActiveCfg = Debug|Any CPU
		{F4FA2442-D84A-48E1-A3D3-4D9B308C9F28}.Debug|x64.Build.0 = Debug|Any CPU
		{F4FA2442-D84A-48E1-A3D3-4D9B308C9F28}.Debug|x86.ActiveCfg = Debug|Any CPU
		{F4FA2442-D84A-48E1-A3D3-4D9B308C9F28}.Debug|x86.Build.0 = Debug|Any CPU
		{F4FA2442-D84A-48E1-A3D3-4D9B308C9F28}.Release|Any CPU.ActiveCfg = Release|Any CPU
		{F4FA2442-D84A-48E1-A3D3-4D9B308C9F28}.Release|Any CPU.Build.0 = Release|Any CPU
		{F4FA2442-D84A-48E1-A3D3-4D9B308C9F28}.Release|x64.ActiveCfg = Release|Any CPU
		{F4FA2442-D84A-48E1-A3D3-4D9B308C9F28}.Release|x64.Build.0 = Release|Any CPU
		{F4FA2442-D84A-48E1-A3D3-4D9B308C9F28}.Release|x86.ActiveCfg = Release|Any CPU
		{F4FA2442-D84A-48E1-A3D3-4D9B308C9F28}.Release|x86.Build.0 = Release|Any CPU
	EndGlobalSection
EndGlobal
